
Microsoft Visual Studio Solution File, Format Version 12.00
# Visual Studio Version 16
VisualStudioVersion = 16.0.32413.511
MinimumVisualStudioVersion = 10.0.40219.1
Project("{FAE04EC0-301F-11D3-BF4B-00C04F79EFBC}") = "carinventory", "Employee_Designation\carinventory.csproj", "{19E64078-9C83-43C5-AB5E-374DB585C29E}"
EndProject
Global
	GlobalSection(SolutionConfigurationPlatforms) = preSolution
		Debug|Any CPU = Debug|Any CPU
		Release|Any CPU = Release|Any CPU
	EndGlobalSection
	GlobalSection(ProjectConfigurationPlatforms) = postSolution
		{19E64078-9C83-43C5-AB5E-374DB585C29E}.Debug|Any CPU.ActiveCfg = Debug|Any CPU
		{19E64078-9C83-43C5-AB5E-374DB585C29E}.Debug|Any CPU.Build.0 = Debug|Any CPU
		{19E64078-9C83-43C5-AB5E-374DB585C29E}.Release|Any CPU.ActiveCfg = Release|Any CPU
		{19E64078-9C83-43C5-AB5E-374DB585C29E}.Release|Any CPU.Build.0 = Release|Any CPU
	EndGlobalSection
	GlobalSection(SolutionProperties) = preSolution
		HideSolutionNode = FALSE
	EndGlobalSection
	GlobalSection(ExtensibilityGlobals) = postSolution
		SolutionGuid = {2C088FF1-6B76-4372-B40D-67D7143F3310}
	EndGlobalSection
EndGlobal
